// !$*UTF8*$!
{
	archiveVersion = 1;
	classes = {
	};
	objectVersion = 46;
	objects = {

/* Begin PBXBuildFile section */
		ECD9E10A1A172CF0007EF34F /* AppDelegate.swift in Sources */ = {isa = PBXBuildFile; fileRef = ECD9E1091A172CF0007EF34F /* AppDelegate.swift */; };
		ECD9E10C1A172CF0007EF34F /* ViewController.swift in Sources */ = {isa = PBXBuildFile; fileRef = ECD9E10B1A172CF0007EF34F /* ViewController.swift */; };
		ECD9E10F1A172CF0007EF34F /* Main.storyboard in Resources */ = {isa = PBXBuildFile; fileRef = ECD9E10D1A172CF0007EF34F /* Main.storyboard */; };
		ECD9E1111A172CF0007EF34F /* Images.xcassets in Resources */ = {isa = PBXBuildFile; fileRef = ECD9E1101A172CF0007EF34F /* Images.xcassets */; };
		ECD9E1141A172CF0007EF34F /* LaunchScreen.xib in Resources */ = {isa = PBXBuildFile; fileRef = ECD9E1121A172CF0007EF34F /* LaunchScreen.xib */; };
		ECD9E1201A172CF0007EF34F /* swift_countTests.swift in Sources */ = {isa = PBXBuildFile; fileRef = ECD9E11F1A172CF0007EF34F /* swift_countTests.swift */; };
/* End PBXBuildFile section */

/* Begin PBXContainerItemProxy section */
		ECD9E11A1A172CF0007EF34F /* PBXContainerItemProxy */ = {
			isa = PBXContainerItemProxy;
			containerPortal = ECD9E0FC1A172CF0007EF34F /* Project object */;
			proxyType = 1;
			remoteGlobalIDString = ECD9E1031A172CF0007EF34F;
			remoteInfo = swift_count;
		};
/* End PBXContainerItemProxy section */

/* Begin PBXFileReference section */
		ECD9E1041A172CF0007EF34F /* swift_count.app */ = {isa = PBXFileReference; explicitFileType = wrapper.application; includeInIndex = 0; path = swift_count.app; sourceTree = BUILT_PRODUCTS_DIR; };
		ECD9E1081A172CF0007EF34F /* Info.plist */ = {isa = PBXFileReference; lastKnownFileType = text.plist.xml; path = Info.plist; sourceTree = "<group>"; };
		ECD9E1091A172CF0007EF34F /* AppDelegate.swift */ = {isa = PBXFileReference; lastKnownFileType = sourcecode.swift; path = AppDelegate.swift; sourceTree = "<group>"; };
		ECD9E10B1A172CF0007EF34F /* ViewController.swift */ = {isa = PBXFileReference; lastKnownFileType = sourcecode.swift; path = ViewController.swift; sourceTree = "<group>"; };
		ECD9E10E1A172CF0007EF34F /* Base */ = {isa = PBXFileReference; lastKnownFileType = file.storyboard; name = Base; path = Base.lproj/Main.storyboard; sourceTree = "<group>"; };
		ECD9E1101A172CF0007EF34F /* Images.xcassets */ = {isa = PBXFileReference; lastKnownFileType = folder.assetcatalog; path = Images.xcassets; sourceTree = "<group>"; };
		ECD9E1131A172CF0007EF34F /* Base */ = {isa = PBXFileReference; lastKnownFileType = file.xib; name = Base; path = Base.lproj/LaunchScreen.xib; sourceTree = "<group>"; };
		ECD9E1191A172CF0007EF34F /* swift_countTests.xctest */ = {isa = PBXFileReference; explicitFileType = wrapper.cfbundle; includeInIndex = 0; path = swift_countTests.xctest; sourceTree = BUILT_PRODUCTS_DIR; };
		ECD9E11E1A172CF0007EF34F /* Info.plist */ = {isa = PBXFileReference; lastKnownFileType = text.plist.xml; path = Info.plist; sourceTree = "<group>"; };
		ECD9E11F1A172CF0007EF34F /* swift_countTests.swift */ = {isa = PBXFileReference; lastKnownFileType = sourcecode.swift; path = swift_countTests.swift; sourceTree = "<group>"; };
/* End PBXFileReference section */

/* Begin PBXFrameworksBuildPhase section */
		ECD9E1011A172CF0007EF34F /* Frameworks */ = {
			isa = PBXFrameworksBuildPhase;
			buildActionMask = 2147483647;
			files = (
			);
			runOnlyForDeploymentPostprocessing = 0;
		};
		ECD9E1161A172CF0007EF34F /* Frameworks */ = {
			isa = PBXFrameworksBuildPhase;
			buildActionMask = 2147483647;
			files = (
			);
			runOnlyForDeploymentPostprocessing = 0;
		};
/* End PBXFrameworksBuildPhase section */

/* Begin PBXGroup section */
		ECD9E0FB1A172CF0007EF34F = {
			isa = PBXGroup;
			children = (
				ECD9E1061A172CF0007EF34F /* swift_count */,
				ECD9E11C1A172CF0007EF34F /* swift_countTests */,
				ECD9E1051A172CF0007EF34F /* Products */,
			);
			sourceTree = "<group>";
		};
		ECD9E1051A172CF0007EF34F /* Products */ = {
			isa = PBXGroup;
			children = (
				ECD9E1041A172CF0007EF34F /* swift_count.app */,
				ECD9E1191A172CF0007EF34F /* swift_countTests.xctest */,
			);
			name = Products;
			sourceTree = "<group>";
		};
		ECD9E1061A172CF0007EF34F /* swift_count */ = {
			isa = PBXGroup;
			children = (
				ECD9E1091A172CF0007EF34F /* AppDelegate.swift */,
				ECD9E10B1A172CF0007EF34F /* ViewController.swift */,
				ECD9E10D1A172CF0007EF34F /* Main.storyboard */,
				ECD9E1101A172CF0007EF34F /* Images.xcassets */,
				ECD9E1121A172CF0007EF34F /* LaunchScreen.xib */,
				ECD9E1071A172CF0007EF34F /* Supporting Files */,
			);
			path = swift_count;
			sourceTree = "<group>";
		};
		ECD9E1071A172CF0007EF34F /* Supporting Files */ = {
			isa = PBXGroup;
			children = (
				ECD9E1081A172CF0007EF34F /* Info.plist */,
			);
			name = "Supporting Files";
			sourceTree = "<group>";
		};
		ECD9E11C1A172CF0007EF34F /* swift_countTests */ = {
			isa = PBXGroup;
			children = (
				ECD9E11F1A172CF0007EF34F /* swift_countTests.swift */,
				ECD9E11D1A172CF0007EF34F /* Supporting Files */,
			);
			path = swift_countTests;
			sourceTree = "<group>";
		};
		ECD9E11D1A172CF0007EF34F /* Supporting Files */ = {
			isa = PBXGroup;
			children = (
				ECD9E11E1A172CF0007EF34F /* Info.plist */,
			);
			name = "Supporting Files";
			sourceTree = "<group>";
		};
/* End PBXGroup section */

/* Begin PBXNativeTarget section */
		ECD9E1031A172CF0007EF34F /* swift_count */ = {
			isa = PBXNativeTarget;
			buildConfigurationList = ECD9E1231A172CF0007EF34F /* Build configuration list for PBXNativeTarget "swift_count" */;
			buildPhases = (
				ECD9E1001A172CF0007EF34F /* Sources */,
				ECD9E1011A172CF0007EF34F /* Frameworks */,
				ECD9E1021A172CF0007EF34F /* Resources */,
			);
			buildRules = (
			);
			dependencies = (
			);
			name = swift_count;
			productName = swift_count;
			productReference = ECD9E1041A172CF0007EF34F /* swift_count.app */;
			productType = "com.apple.product-type.application";
		};
		ECD9E1181A172CF0007EF34F /* swift_countTests */ = {
			isa = PBXNativeTarget;
			buildConfigurationList = ECD9E1261A172CF0007EF34F /* Build configuration list for PBXNativeTarget "swift_countTests" */;
			buildPhases = (
				ECD9E1151A172CF0007EF34F /* Sources */,
				ECD9E1161A172CF0007EF34F /* Frameworks */,
				ECD9E1171A172CF0007EF34F /* Resources */,
			);
			buildRules = (
			);
			dependencies = (
				ECD9E11B1A172CF0007EF34F /* PBXTargetDependency */,
			);
			name = swift_countTests;
			productName = swift_countTests;
			productReference = ECD9E1191A172CF0007EF34F /* swift_countTests.xctest */;
			productType = "com.apple.product-type.bundle.unit-test";
		};
/* End PBXNativeTarget section */

/* Begin PBXProject section */
		ECD9E0FC1A172CF0007EF34F /* Project object */ = {
			isa = PBXProject;
			attributes = {
				LastUpgradeCheck = 0610;
				ORGANIZATIONNAME = "Minami Sophia Aramaki";
				TargetAttributes = {
					ECD9E1031A172CF0007EF34F = {
						CreatedOnToolsVersion = 6.1;
					};
					ECD9E1181A172CF0007EF34F = {
						CreatedOnToolsVersion = 6.1;
						TestTargetID = ECD9E1031A172CF0007EF34F;
					};
				};
			};
			buildConfigurationList = ECD9E0FF1A172CF0007EF34F /* Build configuration list for PBXProject "swift_count" */;
			compatibilityVersion = "Xcode 3.2";
			developmentRegion = English;
			hasScannedForEncodings = 0;
			knownRegions = (
				en,
				Base,
			);
			mainGroup = ECD9E0FB1A172CF0007EF34F;
			productRefGroup = ECD9E1051A172CF0007EF34F /* Products */;
			projectDirPath = "";
			projectRoot = "";
			targets = (
				ECD9E1031A172CF0007EF34F /* swift_count */,
				ECD9E1181A172CF0007EF34F /* swift_countTests */,
			);
		};
/* End PBXProject section */

/* Begin PBXResourcesBuildPhase section */
		ECD9E1021A172CF0007EF34F /* Resources */ = {
			isa = PBXResourcesBuildPhase;
			buildActionMask = 2147483647;
			files = (
				ECD9E10F1A172CF0007EF34F /* Main.storyboard in Resources */,
				ECD9E1141A172CF0007EF34F /* LaunchScreen.xib in Resources */,
				ECD9E1111A172CF0007EF34F /* Images.xcassets in Resources */,
			);
			runOnlyForDeploymentPostprocessing = 0;
		};
		ECD9E1171A172CF0007EF34F /* Resources */ = {
			isa = PBXResourcesBuildPhase;
			buildActionMask = 2147483647;
			files = (
			);
			runOnlyForDeploymentPostprocessing = 0;
		};
/* End PBXResourcesBuildPhase section */

/* Begin PBXSourcesBuildPhase section */
		ECD9E1001A172CF0007EF34F /* Sources */ = {
			isa = PBXSourcesBuildPhase;
			buildActionMask = 2147483647;
			files = (
				ECD9E10C1A172CF0007EF34F /* ViewController.swift in Sources */,
				ECD9E10A1A172CF0007EF34F /* AppDelegate.swift in Sources */,
			);
			runOnlyForDeploymentPostprocessing = 0;
		};
		ECD9E1151A172CF0007EF34F /* Sources */ = {
			isa = PBXSourcesBuildPhase;
			buildActionMask = 2147483647;
			files = (
				ECD9E1201A172CF0007EF34F /* swift_countTests.swift in Sources */,
			);
			runOnlyForDeploymentPostprocessing = 0;
		};
/* End PBXSourcesBuildPhase section */

/* Begin PBXTargetDependency section */
		ECD9E11B1A172CF0007EF34F /* PBXTargetDependency */ = {
			isa = PBXTargetDependency;
			target = ECD9E1031A172CF0007EF34F /* swift_count */;
			targetProxy = ECD9E11A1A172CF0007EF34F /* PBXContainerItemProxy */;
		};
/* End PBXTargetDependency section */

/* Begin PBXVariantGroup section */
		ECD9E10D1A172CF0007EF34F /* Main.storyboard */ = {
			isa = PBXVariantGroup;
			children = (
				ECD9E10E1A172CF0007EF34F /* Base */,
			);
			name = Main.storyboard;
			sourceTree = "<group>";
		};
		ECD9E1121A172CF0007EF34F /* LaunchScreen.xib */ = {
			isa = PBXVariantGroup;
			children = (
				ECD9E1131A172CF0007EF34F /* Base */,
			);
			name = LaunchScreen.xib;
			sourceTree = "<group>";
		};
/* End PBXVariantGroup section */

/* Begin XCBuildConfiguration section */
		ECD9E1211A172CF0007EF34F /* Debug */ = {
			isa = XCBuildConfiguration;
			buildSettings = {
				ALWAYS_SEARCH_USER_PATHS = NO;
				CLANG_CXX_LANGUAGE_STANDARD = "gnu++0x";
				CLANG_CXX_LIBRARY = "libc++";
				CLANG_ENABLE_MODULES = YES;
				CLANG_ENABLE_OBJC_ARC = YES;
				CLANG_WARN_BOOL_CONVERSION = YES;
				CLANG_WARN_CONSTANT_CONVERSION = YES;
				CLANG_WARN_DIRECT_OBJC_ISA_USAGE = YES_ERROR;
				CLANG_WARN_EMPTY_BODY = YES;
				CLANG_WARN_ENUM_CONVERSION = YES;
				CLANG_WARN_INT_CONVERSION = YES;
				CLANG_WARN_OBJC_ROOT_CLASS = YES_ERROR;
				CLANG_WARN_UNREACHABLE_CODE = YES;
				CLANG_WARN__DUPLICATE_METHOD_MATCH = YES;
				"CODE_SIGN_IDENTITY[sdk=iphoneos*]" = "iPhone Developer";
				COPY_PHASE_STRIP = NO;
				ENABLE_STRICT_OBJC_MSGSEND = YES;
				GCC_C_LANGUAGE_STANDARD = gnu99;
				GCC_DYNAMIC_NO_PIC = NO;
				GCC_OPTIMIZATION_LEVEL = 0;
				GCC_PREPROCESSOR_DEFINITIONS = (
					"DEBUG=1",
					"$(inherited)",
				);
				GCC_SYMBOLS_PRIVATE_EXTERN = NO;
				GCC_WARN_64_TO_32_BIT_CONVERSION = YES;
				GCC_WARN_ABOUT_RETURN_TYPE = YES_ERROR;
				GCC_WARN_UNDECLARED_SELECTOR = YES;
				GCC_WARN_UNINITIALIZED_AUTOS = YES_AGGRESSIVE;
				GCC_WARN_UNUSED_FUNCTION = YES;
				GCC_WARN_UNUSED_VARIABLE = YES;
				IPHONEOS_DEPLOYMENT_TARGET = 8.1;
				MTL_ENABLE_DEBUG_INFO = YES;
				ONLY_ACTIVE_ARCH = YES;
				SDKROOT = iphoneos;
				SWIFT_OPTIMIZATION_LEVEL = "-Onone";
			};
			name = Debug;
		};
		ECD9E1221A172CF0007EF34F /* Release */ = {
			isa = XCBuildConfiguration;
			buildSettings = {
				ALWAYS_SEARCH_USER_PATHS = NO;
				CLANG_CXX_LANGUAGE_STANDARD = "gnu++0x";
				CLANG_CXX_LIBRARY = "libc++";
				CLANG_ENABLE_MODULES = YES;
				CLANG_ENABLE_OBJC_ARC = YES;
				CLANG_WARN_BOOL_CONVERSION = YES;
				CLANG_WARN_CONSTANT_CONVERSION = YES;
				CLANG_WARN_DIRECT_OBJC_ISA_USAGE = YES_ERROR;
				CLANG_WARN_EMPTY_BODY = YES;
				CLANG_WARN_ENUM_CONVERSION = YES;
				CLANG_WARN_INT_CONVERSION = YES;
				CLANG_WARN_OBJC_ROOT_CLASS = YES_ERROR;
				CLANG_WARN_UNREACHABLE_CODE = YES;
				CLANG_WARN__DUPLICATE_METHOD_MATCH = YES;
				"CODE_SIGN_IDENTITY[sdk=iphoneos*]" = "iPhone Developer";
				COPY_PHASE_STRIP = YES;
				ENABLE_NS_ASSERTIONS = NO;
				ENABLE_STRICT_OBJC_MSGSEND = YES;
				GCC_C_LANGUAGE_STANDARD = gnu99;
				GCC_WARN_64_TO_32_BIT_CONVERSION = YES;
				GCC_WARN_ABOUT_RETURN_TYPE = YES_ERROR;
				GCC_WARN_UNDECLARED_SELECTOR = YES;
				GCC_WARN_UNINITIALIZED_AUTOS = YES_AGGRESSIVE;
				GCC_WARN_UNUSED_FUNCTION = YES;
				GCC_WARN_UNUSED_VARIABLE = YES;
				IPHONEOS_DEPLOYMENT_TARGET = 8.1;
				MTL_ENABLE_DEBUG_INFO = NO;
				SDKROOT = iphoneos;
				VALIDATE_PRODUCT = YES;
			};
			name = Release;
		};
		ECD9E1241A172CF0007EF34F /* Debug */ = {
			isa = XCBuildConfiguration;
			buildSettings = {
				ASSETCATALOG_COMPILER_APPICON_NAME = AppIcon;
				INFOPLIST_FILE = swift_count/Info.plist;
				LD_RUNPATH_SEARCH_PATHS = "$(inherited) @executable_path/Frameworks";
				PRODUCT_NAME = "$(TARGET_NAME)";
			};
			name = Debug;
		};
		ECD9E1251A172CF0007EF34F /* Release */ = {
			isa = XCBuildConfiguration;
			buildSettings = {
				ASSETCATALOG_COMPILER_APPICON_NAME = AppIcon;
				INFOPLIST_FILE = swift_count/Info.plist;
				LD_RUNPATH_SEARCH_PATHS = "$(inherited) @executable_path/Frameworks";
				PRODUCT_NAME = "$(TARGET_NAME)";
			};
			name = Release;
		};
		ECD9E1271A172CF0007EF34F /* Debug */ = {
			isa = XCBuildConfiguration;
			buildSettings = {
				BUNDLE_LOADER = "$(TEST_HOST)";
				FRAMEWORK_SEARCH_PATHS = (
					"$(SDKROOT)/Developer/Library/Frameworks",
					"$(inherited)",
				);
				GCC_PREPROCESSOR_DEFINITIONS = (
					"DEBUG=1",
					"$(inherited)",
				);
				INFOPLIST_FILE = swift_countTests/Info.plist;
				LD_RUNPATH_SEARCH_PATHS = "$(inherited) @executable_path/Frameworks @loader_path/Frameworks";
				PRODUCT_NAME = "$(TARGET_NAME)";
				TEST_HOST = "$(BUILT_PRODUCTS_DIR)/swift_count.app/swift_count";
			};
			name = Debug;
		};
		ECD9E1281A172CF0007EF34F /* Release */ = {
			isa = XCBuildConfiguration;
			buildSettings = {
				BUNDLE_LOADER = "$(TEST_HOST)";
				FRAMEWORK_SEARCH_PATHS = (
					"$(SDKROOT)/Developer/Library/Frameworks",
					"$(inherited)",
				);
				INFOPLIST_FILE = swift_countTests/Info.plist;
				LD_RUNPATH_SEARCH_PATHS = "$(inherited) @executable_path/Frameworks @loader_path/Frameworks";
				PRODUCT_NAME = "$(TARGET_NAME)";
				TEST_HOST = "$(BUILT_PRODUCTS_DIR)/swift_count.app/swift_count";
			};
			name = Release;
		};
/* End XCBuildConfiguration section */

/* Begin XCConfigurationList section */
		ECD9E0FF1A172CF0007EF34F /* Build configuration list for PBXProject "swift_count" */ = {
			isa = XCConfigurationList;
			buildConfigurations = (
				ECD9E1211A172CF0007EF34F /* Debug */,
				ECD9E1221A172CF0007EF34F /* Release */,
			);
			defaultConfigurationIsVisible = 0;
			defaultConfigurationName = Release;
		};
		ECD9E1231A172CF0007EF34F /* Build configuration list for PBXNativeTarget "swift_count" */ = {
			isa = XCConfigurationList;
			buildConfigurations = (
				ECD9E1241A172CF0007EF34F /* Debug */,
				ECD9E1251A172CF0007EF34F /* Release */,
			);
			defaultConfigurationIsVisible = 0;
		};
		ECD9E1261A172CF0007EF34F /* Build configuration list for PBXNativeTarget "swift_countTests" */ = {
			isa = XCConfigurationList;
			buildConfigurations = (
				ECD9E1271A172CF0007EF34F /* Debug */,
				ECD9E1281A172CF0007EF34F /* Release */,
			);
			defaultConfigurationIsVisible = 0;
		};
/* End XCConfigurationList section */
	};
	rootObject = ECD9E0FC1A172CF0007EF34F /* Project object */;
}
